{
    "requires": true,
    "lockfileVersion": 1,
    "dependencies": {
        "@sheetbase/app-scripts": {
            "version": "1.3.0",
            "resolved": "https://registry.npmjs.org/@sheetbase/app-scripts/-/app-scripts-1.3.0.tgz",
            "integrity": "sha512-5F+YKc+DF/XFhzpBrB8etMDYy7JWO77fnLVt+IaO8Y+9W8OOtWf09NAloQdT/03junTv/Lw2DwnvDVj3dG7+dA==",
            "dev": true,
            "requires": {
                "chalk": "^2.4.2",
                "change-case": "^3.1.0",
                "commander": "^3.0.0",
                "fs-extra": "^8.1.0",
                "match-all": "^1.2.5",
                "prettier": "^1.18.2",
                "require-from-string": "^2.0.2",
                "rollup": "^1.19.4",
                "ts2gas": "^3.4.4",
                "typedoc": "^0.15.0",
                "uglify-js": "^3.6.0"
            }
        },
        "@sheetbase/server": {
            "version": "1.1.0",
            "resolved": "https://registry.npmjs.org/@sheetbase/server/-/server-1.1.0.tgz",
            "integrity": "sha512-yZBlcN+D1/An0Oihf8lIWxRhcMJpOjNMFCo6lXHBWt/DNCikUxLM1zHhrcDgLwDl4VT+d7pvPCbJNPP+f0XC4w=="
        },
        "@types/estree": {
            "version": "0.0.45",
            "resolved": "https://registry.npmjs.org/@types/estree/-/estree-0.0.45.tgz",
            "integrity": "sha512-jnqIUKDUqJbDIUxm0Uj7bnlMnRm1T/eZ9N+AVMqhPgzrba2GhGG5o/jCTwmdPK709nEZsGoMzXEDUjcXHa3W0g==",
            "dev": true
        },
        "@types/google-apps-script": {
            "version": "0.0.31",
            "resolved": "https://registry.npmjs.org/@types/google-apps-script/-/google-apps-script-0.0.31.tgz",
            "integrity": "sha512-9XEJYkWMVxNOMK1cQMYJ3MA+6nry+lQ/Jg8kizLr/qMkozfMQmRBNPpIB4F3aBcwFeH9W3iU6nHeZ084URUCPw==",
            "dev": true
        },
        "@types/minimatch": {
            "version": "3.0.3",
            "resolved": "https://registry.npmjs.org/@types/minimatch/-/minimatch-3.0.3.tgz",
            "integrity": "sha512-tHq6qdbT9U1IRSGf14CL0pUlULksvY9OZ+5eEgl1N7t+OA3tGvNpxJCzuKQlsNgCVwbAs670L1vcVQi8j9HjnA==",
            "dev": true
        },
        "@types/node": {
            "version": "14.11.2",
            "resolved": "https://registry.npmjs.org/@types/node/-/node-14.11.2.tgz",
            "integrity": "sha512-jiE3QIxJ8JLNcb1Ps6rDbysDhN4xa8DJJvuC9prr6w+1tIh+QAbYyNF3tyiZNLDBIuBCf4KEcV2UvQm/V60xfA==",
            "dev": true
        },
        "acorn": {
            "version": "7.4.0",
            "resolved": "https://registry.npmjs.org/acorn/-/acorn-7.4.0.tgz",
            "integrity": "sha512-+G7P8jJmCHr+S+cLfQxygbWhXy+8YTVGzAkpEbcLo2mLoL7tij/VG41QSHACSf5QgYRhMZYHuNc6drJaO0Da+w==",
            "dev": true
        },
        "ansi-styles": {
            "version": "3.2.1",
            "resolved": "https://registry.npmjs.org/ansi-styles/-/ansi-styles-3.2.1.tgz",
            "integrity": "sha512-VT0ZI6kZRdTh8YyJw3SMbYm/u+NqfsAxEpWO0Pf9sq8/e94WxxOpPKx9FR1FlyCtOVDNOQ+8ntlqFxiRc+r5qA==",
            "dev": true,
            "requires": {
                "color-convert": "^1.9.0"
            }
        },
        "backbone": {
            "version": "1.4.0",
            "resolved": "https://registry.npmjs.org/backbone/-/backbone-1.4.0.tgz",
            "integrity": "sha512-RLmDrRXkVdouTg38jcgHhyQ/2zjg7a8E6sz2zxfz21Hh17xDJYUHBZimVIt5fUyS8vbfpeSmTL3gUjTEvUV3qQ==",
            "dev": true,
            "requires": {
                "underscore": ">=1.8.3"
            }
        },
        "balanced-match": {
            "version": "1.0.0",
            "resolved": "https://registry.npmjs.org/balanced-match/-/balanced-match-1.0.0.tgz",
            "integrity": "sha1-ibTRmasr7kneFk6gK4nORi1xt2c=",
            "dev": true
        },
        "brace-expansion": {
            "version": "1.1.11",
            "resolved": "https://registry.npmjs.org/brace-expansion/-/brace-expansion-1.1.11.tgz",
            "integrity": "sha512-iCuPHDFgrHX7H2vEI/5xpz07zSHB00TpugqhmYtVmMO6518mCuRMoOYFldEBl0g187ufozdaHgWKcYFb61qGiA==",
            "dev": true,
            "requires": {
                "balanced-match": "^1.0.0",
                "concat-map": "0.0.1"
            }
        },
        "builtin-modules": {
            "version": "3.0.0",
            "resolved": "https://registry.npmjs.org/builtin-modules/-/builtin-modules-3.0.0.tgz",
            "integrity": "sha512-hMIeU4K2ilbXV6Uv93ZZ0Avg/M91RaKXucQ+4me2Do1txxBDyDZWCBa5bJSLqoNTRpXTLwEzIk1KmloenDDjhg==",
            "dev": true
        },
        "camel-case": {
            "version": "3.0.0",
            "resolved": "https://registry.npmjs.org/camel-case/-/camel-case-3.0.0.tgz",
            "integrity": "sha1-yjw2iKTpzzpM2nd9xNy8cTJJz3M=",
            "dev": true,
            "requires": {
                "no-case": "^2.2.0",
                "upper-case": "^1.1.1"
            }
        },
        "chalk": {
            "version": "2.4.2",
            "resolved": "https://registry.npmjs.org/chalk/-/chalk-2.4.2.tgz",
            "integrity": "sha512-Mti+f9lpJNcwF4tWV8/OrTTtF1gZi+f8FqlyAdouralcFWFQWF2+NgCHShjkCb+IFBLq9buZwE1xckQU4peSuQ==",
            "dev": true,
            "requires": {
                "ansi-styles": "^3.2.1",
                "escape-string-regexp": "^1.0.5",
                "supports-color": "^5.3.0"
            }
        },
        "change-case": {
            "version": "3.1.0",
            "resolved": "https://registry.npmjs.org/change-case/-/change-case-3.1.0.tgz",
            "integrity": "sha512-2AZp7uJZbYEzRPsFoa+ijKdvp9zsrnnt6+yFokfwEpeJm0xuJDVoxiRCAaTzyJND8GJkofo2IcKWaUZ/OECVzw==",
            "dev": true,
            "requires": {
                "camel-case": "^3.0.0",
                "constant-case": "^2.0.0",
                "dot-case": "^2.1.0",
                "header-case": "^1.0.0",
                "is-lower-case": "^1.1.0",
                "is-upper-case": "^1.1.0",
                "lower-case": "^1.1.1",
                "lower-case-first": "^1.0.0",
                "no-case": "^2.3.2",
                "param-case": "^2.1.0",
                "pascal-case": "^2.0.0",
                "path-case": "^2.1.0",
                "sentence-case": "^2.1.0",
                "snake-case": "^2.1.0",
                "swap-case": "^1.1.0",
                "title-case": "^2.1.0",
                "upper-case": "^1.1.1",
                "upper-case-first": "^1.1.0"
            }
        },
        "color-convert": {
            "version": "1.9.3",
            "resolved": "https://registry.npmjs.org/color-convert/-/color-convert-1.9.3.tgz",
            "integrity": "sha512-QfAUtd+vFdAtFQcC8CCyYt1fYWxSqAiK2cSD6zDB8N3cpsEBAvRxp9zOGg6G/SHHJYAT88/az/IuDGALsNVbGg==",
            "dev": true,
            "requires": {
                "color-name": "1.1.3"
            }
        },
        "color-name": {
            "version": "1.1.3",
            "resolved": "https://registry.npmjs.org/color-name/-/color-name-1.1.3.tgz",
            "integrity": "sha1-p9BVi9icQveV3UIyj3QIMcpTvCU=",
            "dev": true
        },
        "commander": {
            "version": "3.0.2",
            "resolved": "https://registry.npmjs.org/commander/-/commander-3.0.2.tgz",
            "integrity": "sha512-Gar0ASD4BDyKC4hl4DwHqDrmvjoxWKZigVnAbn5H1owvm4CxCPdb0HQDehwNYMJpla5+M2tPmPARzhtYuwpHow==",
            "dev": true
        },
        "concat-map": {
            "version": "0.0.1",
            "resolved": "https://registry.npmjs.org/concat-map/-/concat-map-0.0.1.tgz",
            "integrity": "sha1-2Klr13/Wjfd5OnMDajug1UBdR3s=",
            "dev": true
        },
        "constant-case": {
            "version": "2.0.0",
            "resolved": "https://registry.npmjs.org/constant-case/-/constant-case-2.0.0.tgz",
            "integrity": "sha1-QXV2TTidP6nI7NKRhu1gBSQ7akY=",
            "dev": true,
            "requires": {
                "snake-case": "^2.1.0",
                "upper-case": "^1.1.1"
            }
        },
        "dot-case": {
            "version": "2.1.1",
            "resolved": "https://registry.npmjs.org/dot-case/-/dot-case-2.1.1.tgz",
            "integrity": "sha1-NNzzf1Co6TwrO8qLt/uRVcfaO+4=",
            "dev": true,
            "requires": {
                "no-case": "^2.2.0"
            }
        },
        "escape-string-regexp": {
            "version": "1.0.5",
            "resolved": "https://registry.npmjs.org/escape-string-regexp/-/escape-string-regexp-1.0.5.tgz",
            "integrity": "sha1-G2HAViGQqN/2rjuyzwIAyhMLhtQ=",
            "dev": true
        },
        "fs-extra": {
            "version": "8.1.0",
            "resolved": "https://registry.npmjs.org/fs-extra/-/fs-extra-8.1.0.tgz",
            "integrity": "sha512-yhlQgA6mnOJUKOsRUFsgJdQCvkKhcz8tlZG5HBQfReYZy46OwLcY+Zia0mtdHsOo9y/hP+CxMN0TU9QxoOtG4g==",
            "dev": true,
            "requires": {
                "graceful-fs": "^4.2.0",
                "jsonfile": "^4.0.0",
                "universalify": "^0.1.0"
            }
        },
        "fs.realpath": {
            "version": "1.0.0",
            "resolved": "https://registry.npmjs.org/fs.realpath/-/fs.realpath-1.0.0.tgz",
            "integrity": "sha1-FQStJSMVjKpA20onh8sBQRmU6k8=",
            "dev": true
        },
        "glob": {
            "version": "7.1.6",
            "resolved": "https://registry.npmjs.org/glob/-/glob-7.1.6.tgz",
            "integrity": "sha512-LwaxwyZ72Lk7vZINtNNrywX0ZuLyStrdDtabefZKAY5ZGJhVtgdznluResxNmPitE0SAO+O26sWTHeKSI2wMBA==",
            "dev": true,
            "requires": {
                "fs.realpath": "^1.0.0",
                "inflight": "^1.0.4",
                "inherits": "2",
                "minimatch": "^3.0.4",
                "once": "^1.3.0",
                "path-is-absolute": "^1.0.0"
            }
        },
        "graceful-fs": {
            "version": "4.2.4",
            "resolved": "https://registry.npmjs.org/graceful-fs/-/graceful-fs-4.2.4.tgz",
            "integrity": "sha512-WjKPNJF79dtJAVniUlGGWHYGz2jWxT6VhN/4m1NdkbZ2nOsEF+cI1Edgql5zCRhs/VsQYRvrXctxktVXZUkixw==",
            "dev": true
        },
        "handlebars": {
            "version": "4.7.6",
            "resolved": "https://registry.npmjs.org/handlebars/-/handlebars-4.7.6.tgz",
            "integrity": "sha512-1f2BACcBfiwAfStCKZNrUCgqNZkGsAT7UM3kkYtXuLo0KnaVfjKOyf7PRzB6++aK9STyT1Pd2ZCPe3EGOXleXA==",
            "dev": true,
            "requires": {
                "minimist": "^1.2.5",
                "neo-async": "^2.6.0",
                "source-map": "^0.6.1",
                "uglify-js": "^3.1.4",
                "wordwrap": "^1.0.0"
            },
            "dependencies": {
                "minimist": {
                    "version": "1.2.5",
                    "resolved": "http://registry.npmjs.org/minimist/-/minimist-1.2.5.tgz",
                    "integrity": "sha512-FM9nNUYrRBAELZQT3xeZQ7fmMOBg6nWNmJKTcgsJeaLstP/UODVpGsr5OhXhhXg6f+qtJ8uiZ+PUxkDWcgIXLw==",
                    "dev": true
                },
                "wordwrap": {
                    "version": "1.0.0",
                    "resolved": "https://registry.npmjs.org/wordwrap/-/wordwrap-1.0.0.tgz",
                    "integrity": "sha1-J1hIEIkUVqQXHI0CJkQa3pDLyus=",
                    "dev": true
                }
            }
        },
        "has-flag": {
            "version": "3.0.0",
            "resolved": "https://registry.npmjs.org/has-flag/-/has-flag-3.0.0.tgz",
            "integrity": "sha1-tdRU3CGZriJWmfNGfloH87lVuv0=",
            "dev": true
        },
        "header-case": {
            "version": "1.0.1",
            "resolved": "https://registry.npmjs.org/header-case/-/header-case-1.0.1.tgz",
            "integrity": "sha1-lTWXMZfBRLCWE81l0xfvGZY70C0=",
            "dev": true,
            "requires": {
                "no-case": "^2.2.0",
                "upper-case": "^1.1.3"
            }
        },
        "highlight.js": {
            "version": "9.18.3",
            "resolved": "https://registry.npmjs.org/highlight.js/-/highlight.js-9.18.3.tgz",
            "integrity": "sha512-zBZAmhSupHIl5sITeMqIJnYCDfAEc3Gdkqj65wC1lpI468MMQeeQkhcIAvk+RylAkxrCcI9xy9piHiXeQ1BdzQ==",
            "dev": true
        },
        "inflight": {
            "version": "1.0.6",
            "resolved": "https://registry.npmjs.org/inflight/-/inflight-1.0.6.tgz",
            "integrity": "sha1-Sb1jMdfQLQwJvJEKEHW6gWW1bfk=",
            "dev": true,
            "requires": {
                "once": "^1.3.0",
                "wrappy": "1"
            }
        },
        "inherits": {
            "version": "2.0.4",
            "resolved": "https://registry.npmjs.org/inherits/-/inherits-2.0.4.tgz",
            "integrity": "sha512-k/vGaX4/Yla3WzyMCvTQOXYeIHvqOKtnqBduzTHpzpQZzAskKMhZ2K+EnBiSM9zGSoIFeMpXKxa4dYeZIQqewQ==",
            "dev": true
        },
        "interpret": {
            "version": "1.4.0",
            "resolved": "https://registry.npmjs.org/interpret/-/interpret-1.4.0.tgz",
            "integrity": "sha512-agE4QfB2Lkp9uICn7BAqoscw4SZP9kTE2hxiFI3jBPmXJfdqiahTbUuKGsMoN2GtqL9AxhYioAcVvgsb1HvRbA==",
            "dev": true
        },
        "is-lower-case": {
            "version": "1.1.3",
            "resolved": "https://registry.npmjs.org/is-lower-case/-/is-lower-case-1.1.3.tgz",
            "integrity": "sha1-fhR75HaNxGbbO/shzGCzHmrWk5M=",
            "dev": true,
            "requires": {
                "lower-case": "^1.1.0"
            }
        },
        "is-module": {
            "version": "1.0.0",
            "resolved": "https://registry.npmjs.org/is-module/-/is-module-1.0.0.tgz",
            "integrity": "sha1-Mlj7afeMFNW4FdZkM2tM/7ZEFZE=",
            "dev": true
        },
        "is-upper-case": {
            "version": "1.1.2",
            "resolved": "https://registry.npmjs.org/is-upper-case/-/is-upper-case-1.1.2.tgz",
            "integrity": "sha1-jQsfp+eTOh5YSDYA7H2WYcuvdW8=",
            "dev": true,
            "requires": {
                "upper-case": "^1.1.0"
            }
        },
        "jquery": {
            "version": "3.5.1",
            "resolved": "https://registry.npmjs.org/jquery/-/jquery-3.5.1.tgz",
            "integrity": "sha512-XwIBPqcMn57FxfT+Go5pzySnm4KWkT1Tv7gjrpT1srtf8Weynl6R273VJ5GjkRb51IzMp5nbaPjJXMWeju2MKg==",
            "dev": true
        },
        "jsonfile": {
            "version": "4.0.0",
            "resolved": "https://registry.npmjs.org/jsonfile/-/jsonfile-4.0.0.tgz",
            "integrity": "sha1-h3Gq4HmbZAdrdmQPygWPnBDjPss=",
            "dev": true,
            "requires": {
                "graceful-fs": "^4.1.6"
            }
        },
        "lodash": {
            "version": "4.17.20",
            "resolved": "https://registry.npmjs.org/lodash/-/lodash-4.17.20.tgz",
            "integrity": "sha512-PlhdFcillOINfeV7Ni6oF1TAEayyZBoZ8bcshTHqOYJYlrqzRK5hagpagky5o4HfCzzd1TRkXPMFq6cKk9rGmA==",
            "dev": true
        },
        "lower-case": {
            "version": "1.1.4",
            "resolved": "https://registry.npmjs.org/lower-case/-/lower-case-1.1.4.tgz",
            "integrity": "sha1-miyr0bno4K6ZOkv31YdcOcQujqw=",
            "dev": true
        },
        "lower-case-first": {
            "version": "1.0.2",
            "resolved": "https://registry.npmjs.org/lower-case-first/-/lower-case-first-1.0.2.tgz",
            "integrity": "sha1-5dp8JvKacHO+AtUrrJmA5ZIq36E=",
            "dev": true,
            "requires": {
                "lower-case": "^1.1.2"
            }
        },
        "lunr": {
            "version": "2.3.9",
            "resolved": "https://registry.npmjs.org/lunr/-/lunr-2.3.9.tgz",
            "integrity": "sha512-zTU3DaZaF3Rt9rhN3uBMGQD3dD2/vFQqnvZCDv4dl5iOzq2IZQqTxu90r4E5J+nP70J3ilqVCrbho2eWaeW8Ow==",
            "dev": true
        },
        "marked": {
            "version": "0.8.2",
            "resolved": "https://registry.npmjs.org/marked/-/marked-0.8.2.tgz",
            "integrity": "sha512-EGwzEeCcLniFX51DhTpmTom+dSA/MG/OBUDjnWtHbEnjAH180VzUeAw+oE4+Zv+CoYBWyRlYOTR0N8SO9R1PVw==",
            "dev": true
        },
        "match-all": {
            "version": "1.2.6",
            "resolved": "https://registry.npmjs.org/match-all/-/match-all-1.2.6.tgz",
            "integrity": "sha512-0EESkXiTkWzrQQntBu2uzKvLu6vVkUGz40nGPbSZuegcfE5UuSzNjLaIu76zJWuaT/2I3Z/8M06OlUOZLGwLlQ==",
            "dev": true
        },
        "minimatch": {
            "version": "3.0.4",
            "resolved": "https://registry.npmjs.org/minimatch/-/minimatch-3.0.4.tgz",
            "integrity": "sha512-yJHVQEhyqPLUTgt9B83PXu6W3rx4MvvHvSUvToogpwoGDOUQ+yDrR0HRot+yOCdCO7u4hX3pWft6kWBBcqh0UA==",
            "dev": true,
            "requires": {
                "brace-expansion": "^1.1.7"
            }
        },
        "neo-async": {
            "version": "2.6.0",
            "resolved": "https://registry.npmjs.org/neo-async/-/neo-async-2.6.0.tgz",
            "integrity": "sha512-MFh0d/Wa7vkKO3Y3LlacqAEeHK0mckVqzDieUKTT+KGxi+zIpeVsFxymkIiRpbpDziHc290Xr9A1O4Om7otoRA==",
            "dev": true
        },
        "no-case": {
            "version": "2.3.2",
            "resolved": "https://registry.npmjs.org/no-case/-/no-case-2.3.2.tgz",
            "integrity": "sha512-rmTZ9kz+f3rCvK2TD1Ue/oZlns7OGoIWP4fc3llxxRXlOkHKoWPPWJOfFYpITabSow43QJbRIoHQXtt10VldyQ==",
            "dev": true,
            "requires": {
                "lower-case": "^1.1.1"
            }
        },
        "once": {
            "version": "1.4.0",
            "resolved": "https://registry.npmjs.org/once/-/once-1.4.0.tgz",
            "integrity": "sha1-WDsap3WWHUsROsF9nFC6753Xa9E=",
            "dev": true,
            "requires": {
                "wrappy": "1"
            }
        },
        "param-case": {
            "version": "2.1.1",
            "resolved": "https://registry.npmjs.org/param-case/-/param-case-2.1.1.tgz",
            "integrity": "sha1-35T9jPZTHs915r75oIWPvHK+Ikc=",
            "dev": true,
            "requires": {
                "no-case": "^2.2.0"
            }
        },
        "pascal-case": {
            "version": "2.0.1",
            "resolved": "https://registry.npmjs.org/pascal-case/-/pascal-case-2.0.1.tgz",
            "integrity": "sha1-LVeNNFX2YNpl7KGO+VtODekSdh4=",
            "dev": true,
            "requires": {
                "camel-case": "^3.0.0",
                "upper-case-first": "^1.1.0"
            }
        },
        "path-case": {
            "version": "2.1.1",
            "resolved": "https://registry.npmjs.org/path-case/-/path-case-2.1.1.tgz",
            "integrity": "sha1-lLgDfDctP+KQbkZbtF4l0ibo7qU=",
            "dev": true,
            "requires": {
                "no-case": "^2.2.0"
            }
        },
        "path-is-absolute": {
            "version": "1.0.1",
            "resolved": "http://registry.npmjs.org/path-is-absolute/-/path-is-absolute-1.0.1.tgz",
            "integrity": "sha1-F0uSaHNVNP+8es5r9TpanhtcX18=",
            "dev": true
        },
        "path-parse": {
            "version": "1.0.6",
            "resolved": "https://registry.npmjs.org/path-parse/-/path-parse-1.0.6.tgz",
            "integrity": "sha512-GSmOT2EbHrINBf9SR7CDELwlJ8AENk3Qn7OikK4nFYAu3Ote2+JYNVvkpAEQm3/TLNEJFD/xZJjzyxg3KBWOzw==",
            "dev": true
        },
        "prettier": {
            "version": "1.19.1",
            "resolved": "https://registry.npmjs.org/prettier/-/prettier-1.19.1.tgz",
            "integrity": "sha512-s7PoyDv/II1ObgQunCbB9PdLmUcBZcnWOcxDh7O0N/UwDEsHyqkW+Qh28jW+mVuCdx7gLB0BotYI1Y6uI9iyew==",
            "dev": true
        },
        "progress": {
            "version": "2.0.3",
            "resolved": "https://registry.npmjs.org/progress/-/progress-2.0.3.tgz",
            "integrity": "sha512-7PiHtLll5LdnKIMw100I+8xJXR5gW2QwWYkT6iJva0bXitZKa/XMrSbdmg3r2Xnaidz9Qumd0VPaMrZlF9V9sA==",
            "dev": true
        },
        "rechoir": {
            "version": "0.6.2",
            "resolved": "https://registry.npmjs.org/rechoir/-/rechoir-0.6.2.tgz",
            "integrity": "sha1-hSBLVNuoLVdC4oyWdW70OvUOM4Q=",
            "dev": true,
            "requires": {
                "resolve": "^1.1.6"
            }
        },
        "require-from-string": {
            "version": "2.0.2",
            "resolved": "https://registry.npmjs.org/require-from-string/-/require-from-string-2.0.2.tgz",
            "integrity": "sha512-Xf0nWe6RseziFMu+Ap9biiUbmplq6S9/p+7w7YXP/JBHhrUDDUhwa+vANyubuqfZWTveU//DYVGsDG7RKL/vEw==",
            "dev": true
        },
        "resolve": {
            "version": "1.9.0",
            "resolved": "https://registry.npmjs.org/resolve/-/resolve-1.9.0.tgz",
            "integrity": "sha512-TZNye00tI67lwYvzxCxHGjwTNlUV70io54/Ed4j6PscB8xVfuBJpRenI/o6dVk0cY0PYTY27AgCoGGxRnYuItQ==",
            "dev": true,
            "requires": {
                "path-parse": "^1.0.6"
            }
        },
        "rollup": {
            "version": "1.32.1",
            "resolved": "https://registry.npmjs.org/rollup/-/rollup-1.32.1.tgz",
            "integrity": "sha512-/2HA0Ec70TvQnXdzynFffkjA6XN+1e2pEv/uKS5Ulca40g2L7KuOE3riasHoNVHOsFD5KKZgDsMk1CP3Tw9s+A==",
            "dev": true,
            "requires": {
                "@types/estree": "*",
                "@types/node": "*",
                "acorn": "^7.1.0"
            }
        },
        "rollup-plugin-node-resolve": {
            "version": "4.0.0",
            "resolved": "https://registry.npmjs.org/rollup-plugin-node-resolve/-/rollup-plugin-node-resolve-4.0.0.tgz",
            "integrity": "sha512-7Ni+/M5RPSUBfUaP9alwYQiIKnKeXCOHiqBpKUl9kwp3jX5ZJtgXAait1cne6pGEVUUztPD6skIKH9Kq9sNtfw==",
            "dev": true,
            "requires": {
                "builtin-modules": "^3.0.0",
                "is-module": "^1.0.0",
                "resolve": "^1.8.1"
            }
        },
        "sentence-case": {
            "version": "2.1.1",
            "resolved": "https://registry.npmjs.org/sentence-case/-/sentence-case-2.1.1.tgz",
            "integrity": "sha1-H24t2jnBaL+S0T+G1KkYkz9mftQ=",
            "dev": true,
            "requires": {
                "no-case": "^2.2.0",
                "upper-case-first": "^1.1.2"
            }
        },
        "shelljs": {
            "version": "0.8.4",
            "resolved": "https://registry.npmjs.org/shelljs/-/shelljs-0.8.4.tgz",
            "integrity": "sha512-7gk3UZ9kOfPLIAbslLzyWeGiEqx9e3rxwZM0KE6EL8GlGwjym9Mrlx5/p33bWTu9YG6vcS4MBxYZDHYr5lr8BQ==",
            "dev": true,
            "requires": {
                "glob": "^7.0.0",
                "interpret": "^1.0.0",
                "rechoir": "^0.6.2"
            }
        },
        "snake-case": {
            "version": "2.1.0",
            "resolved": "https://registry.npmjs.org/snake-case/-/snake-case-2.1.0.tgz",
            "integrity": "sha1-Qb2xtz8w7GagTU4srRt2OH1NbZ8=",
            "dev": true,
            "requires": {
                "no-case": "^2.2.0"
            }
        },
        "source-map": {
            "version": "0.6.1",
            "resolved": "https://registry.npmjs.org/source-map/-/source-map-0.6.1.tgz",
            "integrity": "sha512-UjgapumWlbMhkBgzT7Ykc5YXUT46F0iKu8SGXq0bcwP5dz/h0Plj6enJqjz1Zbq2l5WaqYnrVbwWOWMyF3F47g==",
            "dev": true
        },
        "supports-color": {
            "version": "5.5.0",
            "resolved": "https://registry.npmjs.org/supports-color/-/supports-color-5.5.0.tgz",
            "integrity": "sha512-QjVjwdXIt408MIiAqCX4oUKsgU2EqAGzs2Ppkm4aQYbjm+ZEWEcW4SfFNTr4uMNZma0ey4f5lgLrkB0aX0QMow==",
            "dev": true,
            "requires": {
                "has-flag": "^3.0.0"
            }
        },
        "swap-case": {
            "version": "1.1.2",
            "resolved": "https://registry.npmjs.org/swap-case/-/swap-case-1.1.2.tgz",
            "integrity": "sha1-w5IDpFhzhfrTyFCgvRvK+ggZdOM=",
            "dev": true,
            "requires": {
                "lower-case": "^1.1.1",
                "upper-case": "^1.1.1"
            }
        },
        "title-case": {
            "version": "2.1.1",
            "resolved": "https://registry.npmjs.org/title-case/-/title-case-2.1.1.tgz",
            "integrity": "sha1-PhJyFtpY0rxb7PE3q5Ha46fNj6o=",
            "dev": true,
            "requires": {
                "no-case": "^2.2.0",
                "upper-case": "^1.0.3"
            }
        },
        "ts2gas": {
            "version": "3.6.3",
            "resolved": "https://registry.npmjs.org/ts2gas/-/ts2gas-3.6.3.tgz",
            "integrity": "sha512-iJsl47L6rsADoumwBMPzL6Jxuhcul2JKsVxRX8iwgONnPY3daYwCABkvr06lENSGO9AmvyWLSZw/EKm2H2kLAA==",
            "dev": true,
            "requires": {
                "typescript": "^3.9.6"
            },
            "dependencies": {
                "typescript": {
                    "version": "3.9.7",
                    "resolved": "https://registry.npmjs.org/typescript/-/typescript-3.9.7.tgz",
                    "integrity": "sha512-BLbiRkiBzAwsjut4x/dsibSTB6yWpwT5qWmC2OfuCg3GgVQCSgMs4vEctYPhsaGtd0AeuuHMkjZ2h2WG8MSzRw==",
                    "dev": true
                }
            }
        },
        "typedoc": {
            "version": "0.15.8",
            "resolved": "https://registry.npmjs.org/typedoc/-/typedoc-0.15.8.tgz",
            "integrity": "sha512-a0zypcvfIFsS7Gqpf2MkC1+jNND3K1Om38pbDdy/gYWX01NuJZhC5+O0HkIp0oRIZOo7PWrA5+fC24zkANY28Q==",
            "dev": true,
            "requires": {
                "@types/minimatch": "3.0.3",
                "fs-extra": "^8.1.0",
                "handlebars": "^4.7.0",
                "highlight.js": "^9.17.1",
                "lodash": "^4.17.15",
                "marked": "^0.8.0",
                "minimatch": "^3.0.0",
                "progress": "^2.0.3",
                "shelljs": "^0.8.3",
                "typedoc-default-themes": "^0.6.3",
                "typescript": "3.7.x"
            },
            "dependencies": {
                "typescript": {
                    "version": "3.7.5",
                    "resolved": "https://registry.npmjs.org/typescript/-/typescript-3.7.5.tgz",
                    "integrity": "sha512-/P5lkRXkWHNAbcJIiHPfRoKqyd7bsyCma1hZNUGfn20qm64T6ZBlrzprymeu918H+mB/0rIg2gGK/BXkhhYgBw==",
                    "dev": true
                }
            }
        },
        "typedoc-default-themes": {
            "version": "0.6.3",
            "resolved": "https://registry.npmjs.org/typedoc-default-themes/-/typedoc-default-themes-0.6.3.tgz",
            "integrity": "sha512-rouf0TcIA4M2nOQFfC7Zp4NEwoYiEX4vX/ZtudJWU9IHA29MPC+PPgSXYLPESkUo7FuB//GxigO3mk9Qe1xp3Q==",
            "dev": true,
            "requires": {
                "backbone": "^1.4.0",
                "jquery": "^3.4.1",
                "lunr": "^2.3.8",
                "underscore": "^1.9.1"
            }
        },
        "typescript": {
            "version": "3.2.2",
            "resolved": "https://registry.npmjs.org/typescript/-/typescript-3.2.2.tgz",
            "integrity": "sha512-VCj5UiSyHBjwfYacmDuc/NOk4QQixbE+Wn7MFJuS0nRuPQbof132Pw4u53dm264O8LPc2MVsc7RJNml5szurkg==",
            "dev": true
        },
        "uglify-js": {
            "version": "3.10.4",
            "resolved": "https://registry.npmjs.org/uglify-js/-/uglify-js-3.10.4.tgz",
            "integrity": "sha512-kBFT3U4Dcj4/pJ52vfjCSfyLyvG9VYYuGYPmrPvAxRw/i7xHiT4VvCev+uiEMcEEiu6UNB6KgWmGtSUYIWScbw==",
            "dev": true
        },
        "underscore": {
            "version": "1.11.0",
            "resolved": "https://registry.npmjs.org/underscore/-/underscore-1.11.0.tgz",
            "integrity": "sha512-xY96SsN3NA461qIRKZ/+qox37YXPtSBswMGfiNptr+wrt6ds4HaMw23TP612fEyGekRE6LNRiLYr/aqbHXNedw==",
            "dev": true
        },
        "universalify": {
            "version": "0.1.2",
            "resolved": "https://registry.npmjs.org/universalify/-/universalify-0.1.2.tgz",
            "integrity": "sha512-rBJeI5CXAlmy1pV+617WB9J63U6XcazHHF2f2dbJix4XzpUF0RS3Zbj0FGIOCAva5P/d/GBOYaACQ1w+0azUkg==",
            "dev": true
        },
        "upper-case": {
            "version": "1.1.3",
            "resolved": "https://registry.npmjs.org/upper-case/-/upper-case-1.1.3.tgz",
            "integrity": "sha1-9rRQHC7EzdJrp4vnIilh3ndiFZg=",
            "dev": true
        },
        "upper-case-first": {
            "version": "1.1.2",
            "resolved": "https://registry.npmjs.org/upper-case-first/-/upper-case-first-1.1.2.tgz",
            "integrity": "sha1-XXm+3P8UQZUY/S7bCgUHybaFkRU=",
            "dev": true,
            "requires": {
                "upper-case": "^1.1.1"
            }
        },
        "wrappy": {
            "version": "1.0.2",
            "resolved": "https://registry.npmjs.org/wrappy/-/wrappy-1.0.2.tgz",
            "integrity": "sha1-tSQ9jz7BqjXxNkYFvA0QNuMKtp8=",
            "dev": true
        }
    }
}
